<?xml version="1.0" encoding="utf-8"?>
<Project ToolsVersion="16.0" xmlns="http://schemas.microsoft.com/developer/msbuild/2003">
  <ItemGroup>
    <CustomBuild Include="D:\MagicTower\MagicTower\win32-build\CMakeFiles\bd2d3f5844fae438ee8e73fb14640c09\generate.stamp.rule">
      <Filter>CMake Rules</Filter>
    </CustomBuild>
  </ItemGroup>
  <ItemGroup>
    <Filter Include="CMake Rules">
      <UniqueIdentifier>{54BA2BE4-E56B-3183-A701-1E03B3890A8B}</UniqueIdentifier>
    </Filter>
  </ItemGroup>
</Project>
